
Microsoft Visual Studio Solution File, Format Version 12.00
# Visual Studio Version 16
VisualStudioVersion = 16.0.31321.278
MinimumVisualStudioVersion = 10.0.40219.1
Project("{9A19103F-16F7-4668-BE54-9A1E7A4F7556}") = "Order.API", "Order.API\Order.API.csproj", "{249D38DB-678F-4B4E-BE93-C08C0F0829EE}"
EndProject
Project("{9A19103F-16F7-4668-BE54-9A1E7A4F7556}") = "Product.API", "Product.API\Product.API.csproj", "{76F018CA-E671-4B15-B2B9-D51144823768}"
EndProject
Project("{FAE04EC0-301F-11D3-BF4B-00C04F79EFBC}") = "NetCoreDemoService", "NetCoreDemoService\NetCoreDemoService.csproj", "{32A9EA3F-AD17-4B4B-BA1C-22EB245B6BA7}"
EndProject
Project("{FAE04EC0-301F-11D3-BF4B-00C04F79EFBC}") = "Web.MVC", "Web.MVC\Web.MVC.csproj", "{7653633D-5B8C-46C4-A4D9-A974C52E784A}"
EndProject
Global
	GlobalSection(SolutionConfigurationPlatforms) = preSolution
		Debug|Any CPU = Debug|Any CPU
		Release|Any CPU = Release|Any CPU
	EndGlobalSection
	GlobalSection(ProjectConfigurationPlatforms) = postSolution
		{249D38DB-678F-4B4E-BE93-C08C0F0829EE}.Debug|Any CPU.ActiveCfg = Debug|Any CPU
		{249D38DB-678F-4B4E-BE93-C08C0F0829EE}.Debug|Any CPU.Build.0 = Debug|Any CPU
		{249D38DB-678F-4B4E-BE93-C08C0F0829EE}.Release|Any CPU.ActiveCfg = Release|Any CPU
		{249D38DB-678F-4B4E-BE93-C08C0F0829EE}.Release|Any CPU.Build.0 = Release|Any CPU
		{76F018CA-E671-4B15-B2B9-D51144823768}.Debug|Any CPU.ActiveCfg = Debug|Any CPU
		{76F018CA-E671-4B15-B2B9-D51144823768}.Debug|Any CPU.Build.0 = Debug|Any CPU
		{76F018CA-E671-4B15-B2B9-D51144823768}.Release|Any CPU.ActiveCfg = Release|Any CPU
		{76F018CA-E671-4B15-B2B9-D51144823768}.Release|Any CPU.Build.0 = Release|Any CPU
		{32A9EA3F-AD17-4B4B-BA1C-22EB245B6BA7}.Debug|Any CPU.ActiveCfg = Debug|Any CPU
		{32A9EA3F-AD17-4B4B-BA1C-22EB245B6BA7}.Debug|Any CPU.Build.0 = Debug|Any CPU
		{32A9EA3F-AD17-4B4B-BA1C-22EB245B6BA7}.Release|Any CPU.ActiveCfg = Release|Any CPU
		{32A9EA3F-AD17-4B4B-BA1C-22EB245B6BA7}.Release|Any CPU.Build.0 = Release|Any CPU
		{7653633D-5B8C-46C4-A4D9-A974C52E784A}.Debug|Any CPU.ActiveCfg = Debug|Any CPU
		{7653633D-5B8C-46C4-A4D9-A974C52E784A}.Debug|Any CPU.Build.0 = Debug|Any CPU
		{7653633D-5B8C-46C4-A4D9-A974C52E784A}.Release|Any CPU.ActiveCfg = Release|Any CPU
		{7653633D-5B8C-46C4-A4D9-A974C52E784A}.Release|Any CPU.Build.0 = Release|Any CPU
	EndGlobalSection
	GlobalSection(SolutionProperties) = preSolution
		HideSolutionNode = FALSE
	EndGlobalSection
	GlobalSection(ExtensibilityGlobals) = postSolution
		SolutionGuid = {7EACA4E4-E7F6-4CC8-9E6B-4437ACEDC5E4}
	EndGlobalSection
EndGlobal
